
Microsoft Visual Studio Solution File, Format Version 12.00
Project("{FAE04EC0-301F-11D3-BF4B-00C04F79EFBC}") = "OOP_Lab2", "OOP_Lab2\OOP_Lab2.csproj", "{C196329E-0E83-452C-91EC-E125A3B411A4}"
EndProject
Global
	GlobalSection(SolutionConfigurationPlatforms) = preSolution
		Debug|Any CPU = Debug|Any CPU
		Release|Any CPU = Release|Any CPU
	EndGlobalSection
	GlobalSection(ProjectConfigurationPlatforms) = postSolution
		{C196329E-0E83-452C-91EC-E125A3B411A4}.Debug|Any CPU.ActiveCfg = Debug|Any CPU
		{C196329E-0E83-452C-91EC-E125A3B411A4}.Debug|Any CPU.Build.0 = Debug|Any CPU
		{C196329E-0E83-452C-91EC-E125A3B411A4}.Release|Any CPU.ActiveCfg = Release|Any CPU
		{C196329E-0E83-452C-91EC-E125A3B411A4}.Release|Any CPU.Build.0 = Release|Any CPU
	EndGlobalSection
EndGlobal
